
Microsoft Visual Studio Solution File, Format Version 12.00
# Visual Studio Version 17
VisualStudioVersion = 17.8.34309.116
MinimumVisualStudioVersion = 10.0.40219.1
Project("{FAE04EC0-301F-11D3-BF4B-00C04F79EFBC}") = "DoctorDashboard", "DoctorDashboard\DoctorDashboard.csproj", "{8E2E2864-F398-4FA6-B7D6-1645A7524536}"
EndProject
Global
	GlobalSection(SolutionConfigurationPlatforms) = preSolution
		Debug|Any CPU = Debug|Any CPU
		Release|Any CPU = Release|Any CPU
	EndGlobalSection
	GlobalSection(ProjectConfigurationPlatforms) = postSolution
		{8E2E2864-F398-4FA6-B7D6-1645A7524536}.Debug|Any CPU.ActiveCfg = Debug|Any CPU
		{8E2E2864-F398-4FA6-B7D6-1645A7524536}.Debug|Any CPU.Build.0 = Debug|Any CPU
		{8E2E2864-F398-4FA6-B7D6-1645A7524536}.Release|Any CPU.ActiveCfg = Release|Any CPU
		{8E2E2864-F398-4FA6-B7D6-1645A7524536}.Release|Any CPU.Build.0 = Release|Any CPU
	EndGlobalSection
	GlobalSection(SolutionProperties) = preSolution
		HideSolutionNode = FALSE
	EndGlobalSection
	GlobalSection(ExtensibilityGlobals) = postSolution
		SolutionGuid = {E9B3CD0F-616F-4F97-9CE1-4435FDB4779C}
	EndGlobalSection
EndGlobal
